
Microsoft Visual Studio Solution File, Format Version 12.00
# Visual Studio Version 16
VisualStudioVersion = 16.0.31129.286
MinimumVisualStudioVersion = 10.0.40219.1
Project("{FAE04EC0-301F-11D3-BF4B-00C04F79EFBC}") = "AGVControl.UWP", "AGVControl.UWP\AGVControl.UWP.csproj", "{1C60F902-82BF-47CE-9C74-6B2D4502FB1B}"
EndProject
Project("{FAE04EC0-301F-11D3-BF4B-00C04F79EFBC}") = "AGVControl.Android", "AGVControl.Android\AGVControl.Android.csproj", "{C9CE8EC6-AA4F-4EEC-8735-AFF465A1D838}"
EndProject
Project("{FAE04EC0-301F-11D3-BF4B-00C04F79EFBC}") = "AGVControl.iOS", "AGVControl.iOS\AGVControl.iOS.csproj", "{92D8DC4F-B34D-4F3D-8FDF-3BC5BF5CC4FF}"
EndProject
Project("{FAE04EC0-301F-11D3-BF4B-00C04F79EFBC}") = "AGVControl", "AGVControl\AGVControl.csproj", "{68D0BFC5-D258-4755-98D7-65A25448737C}"
EndProject
Global
	GlobalSection(SolutionConfigurationPlatforms) = preSolution
		Debug|Any CPU = Debug|Any CPU
		Debug|ARM = Debug|ARM
		Debug|iPhone = Debug|iPhone
		Debug|iPhoneSimulator = Debug|iPhoneSimulator
		Debug|x64 = Debug|x64
		Debug|x86 = Debug|x86
		Release|Any CPU = Release|Any CPU
		Release|ARM = Release|ARM
		Release|iPhone = Release|iPhone
		Release|iPhoneSimulator = Release|iPhoneSimulator
		Release|x64 = Release|x64
		Release|x86 = Release|x86
	EndGlobalSection
	GlobalSection(ProjectConfigurationPlatforms) = postSolution
		{1C60F902-82BF-47CE-9C74-6B2D4502FB1B}.Debug|Any CPU.ActiveCfg = Debug|x86
		{1C60F902-82BF-47CE-9C74-6B2D4502FB1B}.Debug|Any CPU.Build.0 = Debug|x86
		{1C60F902-82BF-47CE-9C74-6B2D4502FB1B}.Debug|Any CPU.Deploy.0 = Debug|x86
		{1C60F902-82BF-47CE-9C74-6B2D4502FB1B}.Debug|ARM.ActiveCfg = Debug|ARM
		{1C60F902-82BF-47CE-9C74-6B2D4502FB1B}.Debug|ARM.Build.0 = Debug|ARM
		{1C60F902-82BF-47CE-9C74-6B2D4502FB1B}.Debug|ARM.Deploy.0 = Debug|ARM
		{1C60F902-82BF-47CE-9C74-6B2D4502FB1B}.Debug|iPhone.ActiveCfg = Debug|x86
		{1C60F902-82BF-47CE-9C74-6B2D4502FB1B}.Debug|iPhone.Build.0 = Debug|x86
		{1C60F902-82BF-47CE-9C74-6B2D4502FB1B}.Debug|iPhone.Deploy.0 = Debug|x86
		{1C60F902-82BF-47CE-9C74-6B2D4502FB1B}.Debug|iPhoneSimulator.ActiveCfg = Debug|x86
		{1C60F902-82BF-47CE-9C74-6B2D4502FB1B}.Debug|iPhoneSimulator.Build.0 = Debug|x86
		{1C60F902-82BF-47CE-9C74-6B2D4502FB1B}.Debug|iPhoneSimulator.Deploy.0 = Debug|x86
		{1C60F902-82BF-47CE-9C74-6B2D4502FB1B}.Debug|x64.ActiveCfg = Debug|x64
		{1C60F902-82BF-47CE-9C74-6B2D4502FB1B}.Debug|x64.Build.0 = Debug|x64
		{1C60F902-82BF-47CE-9C74-6B2D4502FB1B}.Debug|x64.Deploy.0 = Debug|x64
		{1C60F902-82BF-47CE-9C74-6B2D4502FB1B}.Debug|x86.ActiveCfg = Debug|x86
		{1C60F902-82BF-47CE-9C74-6B2D4502FB1B}.Debug|x86.Build.0 = Debug|x86
		{1C60F902-82BF-47CE-9C74-6B2D4502FB1B}.Debug|x86.Deploy.0 = Debug|x86
		{1C60F902-82BF-47CE-9C74-6B2D4502FB1B}.Release|Any CPU.ActiveCfg = Release|x86
		{1C60F902-82BF-47CE-9C74-6B2D4502FB1B}.Release|Any CPU.Build.0 = Release|x86
		{1C60F902-82BF-47CE-9C74-6B2D4502FB1B}.Release|Any CPU.Deploy.0 = Release|x86
		{1C60F902-82BF-47CE-9C74-6B2D4502FB1B}.Release|ARM.ActiveCfg = Release|ARM
		{1C60F902-82BF-47CE-9C74-6B2D4502FB1B}.Release|ARM.Build.0 = Release|ARM
		{1C60F902-82BF-47CE-9C74-6B2D4502FB1B}.Release|ARM.Deploy.0 = Release|ARM
		{1C60F902-82BF-47CE-9C74-6B2D4502FB1B}.Release|iPhone.ActiveCfg = Release|x86
		{1C60F902-82BF-47CE-9C74-6B2D4502FB1B}.Release|iPhone.Build.0 = Release|x86
		{1C60F902-82BF-47CE-9C74-6B2D4502FB1B}.Release|iPhone.Deploy.0 = Release|x86
		{1C60F902-82BF-47CE-9C74-6B2D4502FB1B}.Release|iPhoneSimulator.ActiveCfg = Release|x86
		{1C60F902-82BF-47CE-9C74-6B2D4502FB1B}.Release|iPhoneSimulator.Build.0 = Release|x86
		{1C60F902-82BF-47CE-9C74-6B2D4502FB1B}.Release|iPhoneSimulator.Deploy.0 = Release|x86
		{1C60F902-82BF-47CE-9C74-6B2D4502FB1B}.Release|x64.ActiveCfg = Release|x64
		{1C60F902-82BF-47CE-9C74-6B2D4502FB1B}.Release|x64.Build.0 = Release|x64
		{1C60F902-82BF-47CE-9C74-6B2D4502FB1B}.Release|x64.Deploy.0 = Release|x64
		{1C60F902-82BF-47CE-9C74-6B2D4502FB1B}.Release|x86.ActiveCfg = Release|x86
		{1C60F902-82BF-47CE-9C74-6B2D4502FB1B}.Release|x86.Build.0 = Release|x86
		{1C60F902-82BF-47CE-9C74-6B2D4502FB1B}.Release|x86.Deploy.0 = Release|x86
		{C9CE8EC6-AA4F-4EEC-8735-AFF465A1D838}.Debug|Any CPU.ActiveCfg = Debug|Any CPU
		{C9CE8EC6-AA4F-4EEC-8735-AFF465A1D838}.Debug|Any CPU.Build.0 = Debug|Any CPU
		{C9CE8EC6-AA4F-4EEC-8735-AFF465A1D838}.Debug|Any CPU.Deploy.0 = Debug|Any CPU
		{C9CE8EC6-AA4F-4EEC-8735-AFF465A1D838}.Debug|ARM.ActiveCfg = Debug|Any CPU
		{C9CE8EC6-AA4F-4EEC-8735-AFF465A1D838}.Debug|ARM.Build.0 = Debug|Any CPU
		{C9CE8EC6-AA4F-4EEC-8735-AFF465A1D838}.Debug|ARM.Deploy.0 = Debug|Any CPU
		{C9CE8EC6-AA4F-4EEC-8735-AFF465A1D838}.Debug|iPhone.ActiveCfg = Debug|Any CPU
		{C9CE8EC6-AA4F-4EEC-8735-AFF465A1D838}.Debug|iPhone.Build.0 = Debug|Any CPU
		{C9CE8EC6-AA4F-4EEC-8735-AFF465A1D838}.Debug|iPhone.Deploy.0 = Debug|Any CPU
		{C9CE8EC6-AA4F-4EEC-8735-AFF465A1D838}.Debug|iPhoneSimulator.ActiveCfg = Debug|Any CPU
		{C9CE8EC6-AA4F-4EEC-8735-AFF465A1D838}.Debug|iPhoneSimulator.Build.0 = Debug|Any CPU
		{C9CE8EC6-AA4F-4EEC-8735-AFF465A1D838}.Debug|iPhoneSimulator.Deploy.0 = Debug|Any CPU
		{C9CE8EC6-AA4F-4EEC-8735-AFF465A1D838}.Debug|x64.ActiveCfg = Debug|Any CPU
		{C9CE8EC6-AA4F-4EEC-8735-AFF465A1D838}.Debug|x64.Build.0 = Debug|Any CPU
		{C9CE8EC6-AA4F-4EEC-8735-AFF465A1D838}.Debug|x64.Deploy.0 = Debug|Any CPU
		{C9CE8EC6-AA4F-4EEC-8735-AFF465A1D838}.Debug|x86.ActiveCfg = Debug|Any CPU
		{C9CE8EC6-AA4F-4EEC-8735-AFF465A1D838}.Debug|x86.Build.0 = Debug|Any CPU
		{C9CE8EC6-AA4F-4EEC-8735-AFF465A1D838}.Debug|x86.Deploy.0 = Debug|Any CPU
		{C9CE8EC6-AA4F-4EEC-8735-AFF465A1D838}.Release|Any CPU.ActiveCfg = Release|Any CPU
		{C9CE8EC6-AA4F-4EEC-8735-AFF465A1D838}.Release|Any CPU.Build.0 = Release|Any CPU
		{C9CE8EC6-AA4F-4EEC-8735-AFF465A1D838}.Release|Any CPU.Deploy.0 = Release|Any CPU
		{C9CE8EC6-AA4F-4EEC-8735-AFF465A1D838}.Release|ARM.ActiveCfg = Release|Any CPU
		{C9CE8EC6-AA4F-4EEC-8735-AFF465A1D838}.Release|ARM.Build.0 = Release|Any CPU
		{C9CE8EC6-AA4F-4EEC-8735-AFF465A1D838}.Release|ARM.Deploy.0 = Release|Any CPU
		{C9CE8EC6-AA4F-4EEC-8735-AFF465A1D838}.Release|iPhone.ActiveCfg = Release|Any CPU
		{C9CE8EC6-AA4F-4EEC-8735-AFF465A1D838}.Release|iPhone.Build.0 = Release|Any CPU
		{C9CE8EC6-AA4F-4EEC-8735-AFF465A1D838}.Release|iPhone.Deploy.0 = Release|Any CPU
		{C9CE8EC6-AA4F-4EEC-8735-AFF465A1D838}.Release|iPhoneSimulator.ActiveCfg = Release|Any CPU
		{C9CE8EC6-AA4F-4EEC-8735-AFF465A1D838}.Release|iPhoneSimulator.Build.0 = Release|Any CPU
		{C9CE8EC6-AA4F-4EEC-8735-AFF465A1D838}.Release|iPhoneSimulator.Deploy.0 = Release|Any CPU
		{C9CE8EC6-AA4F-4EEC-8735-AFF465A1D838}.Release|x64.ActiveCfg = Release|Any CPU
		{C9CE8EC6-AA4F-4EEC-8735-AFF465A1D838}.Release|x64.Build.0 = Release|Any CPU
		{C9CE8EC6-AA4F-4EEC-8735-AFF465A1D838}.Release|x64.Deploy.0 = Release|Any CPU
		{C9CE8EC6-AA4F-4EEC-8735-AFF465A1D838}.Release|x86.ActiveCfg = Release|Any CPU
		{C9CE8EC6-AA4F-4EEC-8735-AFF465A1D838}.Release|x86.Build.0 = Release|Any CPU
		{C9CE8EC6-AA4F-4EEC-8735-AFF465A1D838}.Release|x86.Deploy.0 = Release|Any CPU
		{92D8DC4F-B34D-4F3D-8FDF-3BC5BF5CC4FF}.Debug|Any CPU.ActiveCfg = Debug|iPhoneSimulator
		{92D8DC4F-B34D-4F3D-8FDF-3BC5BF5CC4FF}.Debug|Any CPU.Build.0 = Debug|iPhoneSimulator
		{92D8DC4F-B34D-4F3D-8FDF-3BC5BF5CC4FF}.Debug|Any CPU.Deploy.0 = Debug|iPhoneSimulator
		{92D8DC4F-B34D-4F3D-8FDF-3BC5BF5CC4FF}.Debug|ARM.ActiveCfg = Debug|iPhone
		{92D8DC4F-B34D-4F3D-8FDF-3BC5BF5CC4FF}.Debug|ARM.Build.0 = Debug|iPhone
		{92D8DC4F-B34D-4F3D-8FDF-3BC5BF5CC4FF}.Debug|ARM.Deploy.0 = Debug|iPhone
		{92D8DC4F-B34D-4F3D-8FDF-3BC5BF5CC4FF}.Debug|iPhone.ActiveCfg = Debug|iPhone
		{92D8DC4F-B34D-4F3D-8FDF-3BC5BF5CC4FF}.Debug|iPhone.Build.0 = Debug|iPhone
		{92D8DC4F-B34D-4F3D-8FDF-3BC5BF5CC4FF}.Debug|iPhone.Deploy.0 = Debug|iPhone
		{92D8DC4F-B34D-4F3D-8FDF-3BC5BF5CC4FF}.Debug|iPhoneSimulator.ActiveCfg = Debug|iPhoneSimulator
		{92D8DC4F-B34D-4F3D-8FDF-3BC5BF5CC4FF}.Debug|iPhoneSimulator.Build.0 = Debug|iPhoneSimulator
		{92D8DC4F-B34D-4F3D-8FDF-3BC5BF5CC4FF}.Debug|iPhoneSimulator.Deploy.0 = Debug|iPhoneSimulator
		{92D8DC4F-B34D-4F3D-8FDF-3BC5BF5CC4FF}.Debug|x64.ActiveCfg = Debug|iPhoneSimulator
		{92D8DC4F-B34D-4F3D-8FDF-3BC5BF5CC4FF}.Debug|x64.Build.0 = Debug|iPhoneSimulator
		{92D8DC4F-B34D-4F3D-8FDF-3BC5BF5CC4FF}.Debug|x64.Deploy.0 = Debug|iPhoneSimulator
		{92D8DC4F-B34D-4F3D-8FDF-3BC5BF5CC4FF}.Debug|x86.ActiveCfg = Debug|iPhoneSimulator
		{92D8DC4F-B34D-4F3D-8FDF-3BC5BF5CC4FF}.Debug|x86.Build.0 = Debug|iPhoneSimulator
		{92D8DC4F-B34D-4F3D-8FDF-3BC5BF5CC4FF}.Debug|x86.Deploy.0 = Debug|iPhoneSimulator
		{92D8DC4F-B34D-4F3D-8FDF-3BC5BF5CC4FF}.Release|Any CPU.ActiveCfg = Release|iPhoneSimulator
		{92D8DC4F-B34D-4F3D-8FDF-3BC5BF5CC4FF}.Release|Any CPU.Build.0 = Release|iPhoneSimulator
		{92D8DC4F-B34D-4F3D-8FDF-3BC5BF5CC4FF}.Release|Any CPU.Deploy.0 = Release|iPhoneSimulator
		{92D8DC4F-B34D-4F3D-8FDF-3BC5BF5CC4FF}.Release|ARM.ActiveCfg = Release|iPhoneSimulator
		{92D8DC4F-B34D-4F3D-8FDF-3BC5BF5CC4FF}.Release|ARM.Build.0 = Release|iPhoneSimulator
		{92D8DC4F-B34D-4F3D-8FDF-3BC5BF5CC4FF}.Release|ARM.Deploy.0 = Release|iPhoneSimulator
		{92D8DC4F-B34D-4F3D-8FDF-3BC5BF5CC4FF}.Release|iPhone.ActiveCfg = Release|iPhone
		{92D8DC4F-B34D-4F3D-8FDF-3BC5BF5CC4FF}.Release|iPhone.Build.0 = Release|iPhone
		{92D8DC4F-B34D-4F3D-8FDF-3BC5BF5CC4FF}.Release|iPhone.Deploy.0 = Release|iPhone
		{92D8DC4F-B34D-4F3D-8FDF-3BC5BF5CC4FF}.Release|iPhoneSimulator.ActiveCfg = Release|iPhoneSimulator
		{92D8DC4F-B34D-4F3D-8FDF-3BC5BF5CC4FF}.Release|iPhoneSimulator.Build.0 = Release|iPhoneSimulator
		{92D8DC4F-B34D-4F3D-8FDF-3BC5BF5CC4FF}.Release|iPhoneSimulator.Deploy.0 = Release|iPhoneSimulator
		{92D8DC4F-B34D-4F3D-8FDF-3BC5BF5CC4FF}.Release|x64.ActiveCfg = Release|iPhoneSimulator
		{92D8DC4F-B34D-4F3D-8FDF-3BC5BF5CC4FF}.Release|x64.Build.0 = Release|iPhoneSimulator
		{92D8DC4F-B34D-4F3D-8FDF-3BC5BF5CC4FF}.Release|x64.Deploy.0 = Release|iPhoneSimulator
		{92D8DC4F-B34D-4F3D-8FDF-3BC5BF5CC4FF}.Release|x86.ActiveCfg = Release|iPhoneSimulator
		{92D8DC4F-B34D-4F3D-8FDF-3BC5BF5CC4FF}.Release|x86.Build.0 = Release|iPhoneSimulator
		{92D8DC4F-B34D-4F3D-8FDF-3BC5BF5CC4FF}.Release|x86.Deploy.0 = Release|iPhoneSimulator
		{68D0BFC5-D258-4755-98D7-65A25448737C}.Debug|Any CPU.ActiveCfg = Debug|Any CPU
		{68D0BFC5-D258-4755-98D7-65A25448737C}.Debug|Any CPU.Build.0 = Debug|Any CPU
		{68D0BFC5-D258-4755-98D7-65A25448737C}.Debug|Any CPU.Deploy.0 = Debug|Any CPU
		{68D0BFC5-D258-4755-98D7-65A25448737C}.Debug|ARM.ActiveCfg = Debug|Any CPU
		{68D0BFC5-D258-4755-98D7-65A25448737C}.Debug|ARM.Build.0 = Debug|Any CPU
		{68D0BFC5-D258-4755-98D7-65A25448737C}.Debug|ARM.Deploy.0 = Debug|Any CPU
		{68D0BFC5-D258-4755-98D7-65A25448737C}.Debug|iPhone.ActiveCfg = Debug|Any CPU
		{68D0BFC5-D258-4755-98D7-65A25448737C}.Debug|iPhone.Build.0 = Debug|Any CPU
		{68D0BFC5-D258-4755-98D7-65A25448737C}.Debug|iPhone.Deploy.0 = Debug|Any CPU
		{68D0BFC5-D258-4755-98D7-65A25448737C}.Debug|iPhoneSimulator.ActiveCfg = Debug|Any CPU
		{68D0BFC5-D258-4755-98D7-65A25448737C}.Debug|iPhoneSimulator.Build.0 = Debug|Any CPU
		{68D0BFC5-D258-4755-98D7-65A25448737C}.Debug|iPhoneSimulator.Deploy.0 = Debug|Any CPU
		{68D0BFC5-D258-4755-98D7-65A25448737C}.Debug|x64.ActiveCfg = Debug|Any CPU
		{68D0BFC5-D258-4755-98D7-65A25448737C}.Debug|x64.Build.0 = Debug|Any CPU
		{68D0BFC5-D258-4755-98D7-65A25448737C}.Debug|x64.Deploy.0 = Debug|Any CPU
		{68D0BFC5-D258-4755-98D7-65A25448737C}.Debug|x86.ActiveCfg = Debug|Any CPU
		{68D0BFC5-D258-4755-98D7-65A25448737C}.Debug|x86.Build.0 = Debug|Any CPU
		{68D0BFC5-D258-4755-98D7-65A25448737C}.Debug|x86.Deploy.0 = Debug|Any CPU
		{68D0BFC5-D258-4755-98D7-65A25448737C}.Release|Any CPU.ActiveCfg = Release|Any CPU
		{68D0BFC5-D258-4755-98D7-65A25448737C}.Release|Any CPU.Build.0 = Release|Any CPU
		{68D0BFC5-D258-4755-98D7-65A25448737C}.Release|Any CPU.Deploy.0 = Release|Any CPU
		{68D0BFC5-D258-4755-98D7-65A25448737C}.Release|ARM.ActiveCfg = Release|Any CPU
		{68D0BFC5-D258-4755-98D7-65A25448737C}.Release|ARM.Build.0 = Release|Any CPU
		{68D0BFC5-D258-4755-98D7-65A25448737C}.Release|ARM.Deploy.0 = Release|Any CPU
		{68D0BFC5-D258-4755-98D7-65A25448737C}.Release|iPhone.ActiveCfg = Release|Any CPU
		{68D0BFC5-D258-4755-98D7-65A25448737C}.Release|iPhone.Build.0 = Release|Any CPU
		{68D0BFC5-D258-4755-98D7-65A25448737C}.Release|iPhone.Deploy.0 = Release|Any CPU
		{68D0BFC5-D258-4755-98D7-65A25448737C}.Release|iPhoneSimulator.ActiveCfg = Release|Any CPU
		{68D0BFC5-D258-4755-98D7-65A25448737C}.Release|iPhoneSimulator.Build.0 = Release|Any CPU
		{68D0BFC5-D258-4755-98D7-65A25448737C}.Release|iPhoneSimulator.Deploy.0 = Release|Any CPU
		{68D0BFC5-D258-4755-98D7-65A25448737C}.Release|x64.ActiveCfg = Release|Any CPU
		{68D0BFC5-D258-4755-98D7-65A25448737C}.Release|x64.Build.0 = Release|Any CPU
		{68D0BFC5-D258-4755-98D7-65A25448737C}.Release|x64.Deploy.0 = Release|Any CPU
		{68D0BFC5-D258-4755-98D7-65A25448737C}.Release|x86.ActiveCfg = Release|Any CPU
		{68D0BFC5-D258-4755-98D7-65A25448737C}.Release|x86.Build.0 = Release|Any CPU
		{68D0BFC5-D258-4755-98D7-65A25448737C}.Release|x86.Deploy.0 = Release|Any CPU
	EndGlobalSection
	GlobalSection(SolutionProperties) = preSolution
		HideSolutionNode = FALSE
	EndGlobalSection
	GlobalSection(ExtensibilityGlobals) = postSolution
		SolutionGuid = {A3363D9C-2CDC-4288-99BA-1E58D2F9578E}
	EndGlobalSection
EndGlobal
