
Microsoft Visual Studio Solution File, Format Version 12.00
# Visual Studio Version 16
VisualStudioVersion = 16.0.31025.194
MinimumVisualStudioVersion = 10.0.40219.1
Project("{FAE04EC0-301F-11D3-BF4B-00C04F79EFBC}") = "ERPAPP", "ERPAPP\ERPAPP.csproj", "{329D2CB2-E2E2-4DC2-A244-4B62B1E20C86}"
EndProject
Global
	GlobalSection(SolutionConfigurationPlatforms) = preSolution
		Debug|Any CPU = Debug|Any CPU
		Release|Any CPU = Release|Any CPU
	EndGlobalSection
	GlobalSection(ProjectConfigurationPlatforms) = postSolution
		{329D2CB2-E2E2-4DC2-A244-4B62B1E20C86}.Debug|Any CPU.ActiveCfg = Debug|Any CPU
		{329D2CB2-E2E2-4DC2-A244-4B62B1E20C86}.Debug|Any CPU.Build.0 = Debug|Any CPU
		{329D2CB2-E2E2-4DC2-A244-4B62B1E20C86}.Release|Any CPU.ActiveCfg = Release|Any CPU
		{329D2CB2-E2E2-4DC2-A244-4B62B1E20C86}.Release|Any CPU.Build.0 = Release|Any CPU
	EndGlobalSection
	GlobalSection(SolutionProperties) = preSolution
		HideSolutionNode = FALSE
	EndGlobalSection
	GlobalSection(ExtensibilityGlobals) = postSolution
		SolutionGuid = {23C873A3-B364-4AC2-B187-7556E12C7475}
	EndGlobalSection
EndGlobal
